<?xml version="1.0" encoding="utf-8"?>
<Project ToolsVersion="4.0" xmlns="http://schemas.microsoft.com/developer/msbuild/2003">
  <ItemGroup>
    <Filter Include="Header Files">
      <UniqueIdentifier>{197b8af9-f3aa-4ca4-a3e6-91d022793234}</UniqueIdentifier>
    </Filter>
    <Filter Include="Source Files">
      <UniqueIdentifier>{77ebf98f-63f3-4555-bd5b-9567506fde35}</UniqueIdentifier>
    </Filter>
    <Filter Include="Header Files\parser">
      <UniqueIdentifier>{11be4365-e496-4256-a8e7-d7e8cb3f9264}</UniqueIdentifier>
    </Filter>
    <Filter Include="Examples">
      <UniqueIdentifier>{70e7c076-d505-4e01-a519-3b267d905438}</UniqueIdentifier>
    </Filter>
    <Filter Include="Header Files\core">
      <UniqueIdentifier>{63e46b51-ee4f-4a42-a19b-97f37011ff38}</UniqueIdentifier>
    </Filter>
    <Filter Include="Header Files\lexer">
      <UniqueIdentifier>{42b34805-00da-494b-950a-12ba7ff37f29}</UniqueIdentifier>
    </Filter>
  </ItemGroup>
  <ItemGroup>
    <ClCompile Include="main.cpp">
      <Filter>Source Files</Filter>
    </ClCompile>
  </ItemGroup>
  <ItemGroup>
    <ClInclude Include="parser\parser.h">
      <Filter>Header Files\parser</Filter>
    </ClInclude>
    <ClInclude Include="core\types.h">
      <Filter>Header Files\core</Filter>
    </ClInclude>
    <ClInclude Include="lexer\lexer.h">
      <Filter>Header Files\lexer</Filter>
    </ClInclude>
    <ClInclude Include="core\string_extension.h">
      <Filter>Header Files\core</Filter>
    </ClInclude>
    <ClInclude Include="core\config_cast.h">
      <Filter>Header Files\core</Filter>
    </ClInclude>
    <ClInclude Include="config.h">
      <Filter>Header Files</Filter>
    </ClInclude>
  </ItemGroup>
  <ItemGroup>
    <None Include="..\examples\config.ini">
      <Filter>Examples</Filter>
    </None>
  </ItemGroup>
</Project>